lockfileVersion: '9.0'

settings:
  autoInstallPeers: true
  excludeLinksFromLockfile: false

importers:

  .:
    devDependencies:
      '@goldskycom/cli':
        specifier: ^11.4.2
        version: 11.4.2

packages:

  '@goldskycom/cli@11.4.2':
    resolution: {integrity: sha512-aW6Utj9sb5d6PdX2CQnSStWuSS8KZ8i5MudvUJ9uwq1SY/KAS855qrmyiZEN5+ez4WXRrCuZQA1+wAi5adv5Dg==}
    hasBin: true

  cuid@2.1.8:
    resolution: {integrity: sha512-xiEMER6E7TlTPnDxrM4eRiC6TRgjNX9xzEZ5U/Se2YJKr7Mq4pJn/2XEHjl3STcSh96GmkHPcBXLES8M29wyyg==}
    deprecated: Cuid and other k-sortable and non-cryptographic ids (Ulid, ObjectId, KSUID, all UUIDs) are all insecure. Use @paralleldrive/cuid2 instead.

  parse-duration@1.1.2:
    resolution: {integrity: sha512-p8EIONG8L0u7f8GFgfVlL4n8rnChTt8O5FSxgxMz2tjc9FMP199wxVKVB6IbKx11uTbKHACSvaLVIKNnoeNR/A==}

  readline-sync@1.4.10:
    resolution: {integrity: sha512-gNva8/6UAe8QYepIQH/jQ2qn91Qj0B9sYjMBBs3QOB8F2CXcKgLxQaJRP76sWVRQt+QU+8fAkCbCvjjMFu7Ycw==}
    engines: {node: '>= 0.8.0'}

  timeago.js@4.0.2:
    resolution: {integrity: sha512-a7wPxPdVlQL7lqvitHGGRsofhdwtkoSXPGATFuSOA2i1ZNQEPLrGnj68vOp2sOJTCFAQVXPeNMX/GctBaO9L2w==}

snapshots:

  '@goldskycom/cli@11.4.2':
    dependencies:
      cuid: 2.1.8
      parse-duration: 1.1.2
      readline-sync: 1.4.10
      timeago.js: 4.0.2

  cuid@2.1.8: {}

  parse-duration@1.1.2: {}

  readline-sync@1.4.10: {}

  timeago.js@4.0.2: {}
